
Microsoft Visual Studio Solution File, Format Version 12.00
Project("{FAE04EC0-301F-11D3-BF4B-00C04F79EFBC}") = "FindlyAPI", "FindlyAPI\FindlyAPI.csproj", "{C872869A-6616-4A34-9539-04C8AA11ED13}"
EndProject
Project("{FAE04EC0-301F-11D3-BF4B-00C04F79EFBC}") = "FindlyDAL", "FindlyDAL\FindlyDAL.csproj", "{E9DD93D7-6773-4514-8B3D-81C5E33128FB}"
EndProject
Project("{FAE04EC0-301F-11D3-BF4B-00C04F79EFBC}") = "FindlyScrapper", "FindlyScrapper\FindlyScrapper.csproj", "{3D356640-2F8F-4900-9772-1FEE24894F02}"
EndProject
Global
	GlobalSection(SolutionConfigurationPlatforms) = preSolution
		Debug|Any CPU = Debug|Any CPU
		Release|Any CPU = Release|Any CPU
	EndGlobalSection
	GlobalSection(ProjectConfigurationPlatforms) = postSolution
		{C872869A-6616-4A34-9539-04C8AA11ED13}.Debug|Any CPU.ActiveCfg = Debug|Any CPU
		{C872869A-6616-4A34-9539-04C8AA11ED13}.Debug|Any CPU.Build.0 = Debug|Any CPU
		{C872869A-6616-4A34-9539-04C8AA11ED13}.Release|Any CPU.ActiveCfg = Release|Any CPU
		{C872869A-6616-4A34-9539-04C8AA11ED13}.Release|Any CPU.Build.0 = Release|Any CPU
		{E9DD93D7-6773-4514-8B3D-81C5E33128FB}.Debug|Any CPU.ActiveCfg = Debug|Any CPU
		{E9DD93D7-6773-4514-8B3D-81C5E33128FB}.Debug|Any CPU.Build.0 = Debug|Any CPU
		{E9DD93D7-6773-4514-8B3D-81C5E33128FB}.Release|Any CPU.ActiveCfg = Release|Any CPU
		{E9DD93D7-6773-4514-8B3D-81C5E33128FB}.Release|Any CPU.Build.0 = Release|Any CPU
		{3D356640-2F8F-4900-9772-1FEE24894F02}.Debug|Any CPU.ActiveCfg = Debug|Any CPU
		{3D356640-2F8F-4900-9772-1FEE24894F02}.Debug|Any CPU.Build.0 = Debug|Any CPU
		{3D356640-2F8F-4900-9772-1FEE24894F02}.Release|Any CPU.ActiveCfg = Release|Any CPU
		{3D356640-2F8F-4900-9772-1FEE24894F02}.Release|Any CPU.Build.0 = Release|Any CPU
	EndGlobalSection
EndGlobal
